
Microsoft Visual Studio Solution File, Format Version 12.00
# Visual Studio Version 17
VisualStudioVersion = 17.5.33530.505
MinimumVisualStudioVersion = 10.0.40219.1
Project("{FAE04EC0-301F-11D3-BF4B-00C04F79EFBC}") = "CrudPrueba", "CrudPrueba\CrudPrueba.csproj", "{7168CD0C-B663-4D34-A429-18CD82C8629B}"
EndProject
Global
	GlobalSection(SolutionConfigurationPlatforms) = preSolution
		Debug|Any CPU = Debug|Any CPU
		Release|Any CPU = Release|Any CPU
	EndGlobalSection
	GlobalSection(ProjectConfigurationPlatforms) = postSolution
		{7168CD0C-B663-4D34-A429-18CD82C8629B}.Debug|Any CPU.ActiveCfg = Debug|Any CPU
		{7168CD0C-B663-4D34-A429-18CD82C8629B}.Debug|Any CPU.Build.0 = Debug|Any CPU
		{7168CD0C-B663-4D34-A429-18CD82C8629B}.Release|Any CPU.ActiveCfg = Release|Any CPU
		{7168CD0C-B663-4D34-A429-18CD82C8629B}.Release|Any CPU.Build.0 = Release|Any CPU
	EndGlobalSection
	GlobalSection(SolutionProperties) = preSolution
		HideSolutionNode = FALSE
	EndGlobalSection
	GlobalSection(ExtensibilityGlobals) = postSolution
		SolutionGuid = {10FB49BF-2FA6-4418-B3FD-A2501F0A01C1}
	EndGlobalSection
EndGlobal
